// !$*UTF8*$!
{
	archiveVersion = 1;
	classes = {
	};
	objectVersion = 46;
	objects = {

/* Begin PBXBuildFile section */
		6504BF6619CADEAF00CA565D /* Foundation.framework in Frameworks */ = {isa = PBXBuildFile; fileRef = 6504BF6519CADEAF00CA565D /* Foundation.framework */; };
		6504BF6819CADEAF00CA565D /* CoreGraphics.framework in Frameworks */ = {isa = PBXBuildFile; fileRef = 6504BF6719CADEAF00CA565D /* CoreGraphics.framework */; };
		6504BF6A19CADEAF00CA565D /* UIKit.framework in Frameworks */ = {isa = PBXBuildFile; fileRef = 6504BF6919CADEAF00CA565D /* UIKit.framework */; };
		6504BF7019CADEAF00CA565D /* InfoPlist.strings in Resources */ = {isa = PBXBuildFile; fileRef = 6504BF6E19CADEAF00CA565D /* InfoPlist.strings */; };
		6504BF7219CADEAF00CA565D /* main.m in Sources */ = {isa = PBXBuildFile; fileRef = 6504BF7119CADEAF00CA565D /* main.m */; };
		6504BF7619CADEAF00CA565D /* AppDelegate.m in Sources */ = {isa = PBXBuildFile; fileRef = 6504BF7519CADEAF00CA565D /* AppDelegate.m */; };
		6504BF7919CADEAF00CA565D /* Main.storyboard in Resources */ = {isa = PBXBuildFile; fileRef = 6504BF7719CADEAF00CA565D /* Main.storyboard */; };
		6504BF7C19CADEAF00CA565D /* ViewController.m in Sources */ = {isa = PBXBuildFile; fileRef = 6504BF7B19CADEAF00CA565D /* ViewController.m */; };
		6504BF7E19CADEAF00CA565D /* Images.xcassets in Resources */ = {isa = PBXBuildFile; fileRef = 6504BF7D19CADEAF00CA565D /* Images.xcassets */; };
		6504BF8519CADEAF00CA565D /* XCTest.framework in Frameworks */ = {isa = PBXBuildFile; fileRef = 6504BF8419CADEAF00CA565D /* XCTest.framework */; };
		6504BF8619CADEAF00CA565D /* Foundation.framework in Frameworks */ = {isa = PBXBuildFile; fileRef = 6504BF6519CADEAF00CA565D /* Foundation.framework */; };
		6504BF8719CADEAF00CA565D /* UIKit.framework in Frameworks */ = {isa = PBXBuildFile; fileRef = 6504BF6919CADEAF00CA565D /* UIKit.framework */; };
		6504BF8F19CADEAF00CA565D /* InfoPlist.strings in Resources */ = {isa = PBXBuildFile; fileRef = 6504BF8D19CADEAF00CA565D /* InfoPlist.strings */; };
		6504BF9119CADEAF00CA565D /* StaticTableDemoTests.m in Sources */ = {isa = PBXBuildFile; fileRef = 6504BF9019CADEAF00CA565D /* StaticTableDemoTests.m */; };
/* End PBXBuildFile section */

/* Begin PBXContainerItemProxy section */
		6504BF8819CADEAF00CA565D /* PBXContainerItemProxy */ = {
			isa = PBXContainerItemProxy;
			containerPortal = 6504BF5A19CADEAF00CA565D /* Project object */;
			proxyType = 1;
			remoteGlobalIDString = 6504BF6119CADEAF00CA565D;
			remoteInfo = StaticTableDemo;
		};
/* End PBXContainerItemProxy section */

/* Begin PBXFileReference section */
		6504BF6219CADEAF00CA565D /* StaticTableDemo.app */ = {isa = PBXFileReference; explicitFileType = wrapper.application; includeInIndex = 0; path = StaticTableDemo.app; sourceTree = BUILT_PRODUCTS_DIR; };
		6504BF6519CADEAF00CA565D /* Foundation.framework */ = {isa = PBXFileReference; lastKnownFileType = wrapper.framework; name = Foundation.framework; path = System/Library/Frameworks/Foundation.framework; sourceTree = SDKROOT; };
		6504BF6719CADEAF00CA565D /* CoreGraphics.framework */ = {isa = PBXFileReference; lastKnownFileType = wrapper.framework; name = CoreGraphics.framework; path = System/Library/Frameworks/CoreGraphics.framework; sourceTree = SDKROOT; };
		6504BF6919CADEAF00CA565D /* UIKit.framework */ = {isa = PBXFileReference; lastKnownFileType = wrapper.framework; name = UIKit.framework; path = System/Library/Frameworks/UIKit.framework; sourceTree = SDKROOT; };
		6504BF6D19CADEAF00CA565D /* StaticTableDemo-Info.plist */ = {isa = PBXFileReference; lastKnownFileType = text.plist.xml; path = "StaticTableDemo-Info.plist"; sourceTree = "<group>"; };
		6504BF6F19CADEAF00CA565D /* en */ = {isa = PBXFileReference; lastKnownFileType = text.plist.strings; name = en; path = en.lproj/InfoPlist.strings; sourceTree = "<group>"; };
		6504BF7119CADEAF00CA565D /* main.m */ = {isa = PBXFileReference; lastKnownFileType = sourcecode.c.objc; path = main.m; sourceTree = "<group>"; };
		6504BF7319CADEAF00CA565D /* StaticTableDemo-Prefix.pch */ = {isa = PBXFileReference; lastKnownFileType = sourcecode.c.h; path = "StaticTableDemo-Prefix.pch"; sourceTree = "<group>"; };
		6504BF7419CADEAF00CA565D /* AppDelegate.h */ = {isa = PBXFileReference; lastKnownFileType = sourcecode.c.h; path = AppDelegate.h; sourceTree = "<group>"; };
		6504BF7519CADEAF00CA565D /* AppDelegate.m */ = {isa = PBXFileReference; lastKnownFileType = sourcecode.c.objc; path = AppDelegate.m; sourceTree = "<group>"; };
		6504BF7819CADEAF00CA565D /* Base */ = {isa = PBXFileReference; lastKnownFileType = file.storyboard; name = Base; path = Base.lproj/Main.storyboard; sourceTree = "<group>"; };
		6504BF7A19CADEAF00CA565D /* ViewController.h */ = {isa = PBXFileReference; lastKnownFileType = sourcecode.c.h; path = ViewController.h; sourceTree = "<group>"; };
		6504BF7B19CADEAF00CA565D /* ViewController.m */ = {isa = PBXFileReference; lastKnownFileType = sourcecode.c.objc; path = ViewController.m; sourceTree = "<group>"; };
		6504BF7D19CADEAF00CA565D /* Images.xcassets */ = {isa = PBXFileReference; lastKnownFileType = folder.assetcatalog; path = Images.xcassets; sourceTree = "<group>"; };
		6504BF8319CADEAF00CA565D /* StaticTableDemoTests.xctest */ = {isa = PBXFileReference; explicitFileType = wrapper.cfbundle; includeInIndex = 0; path = StaticTableDemoTests.xctest; sourceTree = BUILT_PRODUCTS_DIR; };
		6504BF8419CADEAF00CA565D /* XCTest.framework */ = {isa = PBXFileReference; lastKnownFileType = wrapper.framework; name = XCTest.framework; path = Library/Frameworks/XCTest.framework; sourceTree = DEVELOPER_DIR; };
		6504BF8C19CADEAF00CA565D /* StaticTableDemoTests-Info.plist */ = {isa = PBXFileReference; lastKnownFileType = text.plist.xml; path = "StaticTableDemoTests-Info.plist"; sourceTree = "<group>"; };
		6504BF8E19CADEAF00CA565D /* en */ = {isa = PBXFileReference; lastKnownFileType = text.plist.strings; name = en; path = en.lproj/InfoPlist.strings; sourceTree = "<group>"; };
		6504BF9019CADEAF00CA565D /* StaticTableDemoTests.m */ = {isa = PBXFileReference; lastKnownFileType = sourcecode.c.objc; path = StaticTableDemoTests.m; sourceTree = "<group>"; };
/* End PBXFileReference section */

/* Begin PBXFrameworksBuildPhase section */
		6504BF5F19CADEAF00CA565D /* Frameworks */ = {
			isa = PBXFrameworksBuildPhase;
			buildActionMask = 2147483647;
			files = (
				6504BF6819CADEAF00CA565D /* CoreGraphics.framework in Frameworks */,
				6504BF6A19CADEAF00CA565D /* UIKit.framework in Frameworks */,
				6504BF6619CADEAF00CA565D /* Foundation.framework in Frameworks */,
			);
			runOnlyForDeploymentPostprocessing = 0;
		};
		6504BF8019CADEAF00CA565D /* Frameworks */ = {
			isa = PBXFrameworksBuildPhase;
			buildActionMask = 2147483647;
			files = (
				6504BF8519CADEAF00CA565D /* XCTest.framework in Frameworks */,
				6504BF8719CADEAF00CA565D /* UIKit.framework in Frameworks */,
				6504BF8619CADEAF00CA565D /* Foundation.framework in Frameworks */,
			);
			runOnlyForDeploymentPostprocessing = 0;
		};
/* End PBXFrameworksBuildPhase section */

/* Begin PBXGroup section */
		6504BF5919CADEAF00CA565D = {
			isa = PBXGroup;
			children = (
				6504BF6B19CADEAF00CA565D /* StaticTableDemo */,
				6504BF8A19CADEAF00CA565D /* StaticTableDemoTests */,
				6504BF6419CADEAF00CA565D /* Frameworks */,
				6504BF6319CADEAF00CA565D /* Products */,
			);
			sourceTree = "<group>";
		};
		6504BF6319CADEAF00CA565D /* Products */ = {
			isa = PBXGroup;
			children = (
				6504BF6219CADEAF00CA565D /* StaticTableDemo.app */,
				6504BF8319CADEAF00CA565D /* StaticTableDemoTests.xctest */,
			);
			name = Products;
			sourceTree = "<group>";
		};
		6504BF6419CADEAF00CA565D /* Frameworks */ = {
			isa = PBXGroup;
			children = (
				6504BF6519CADEAF00CA565D /* Foundation.framework */,
				6504BF6719CADEAF00CA565D /* CoreGraphics.framework */,
				6504BF6919CADEAF00CA565D /* UIKit.framework */,
				6504BF8419CADEAF00CA565D /* XCTest.framework */,
			);
			name = Frameworks;
			sourceTree = "<group>";
		};
		6504BF6B19CADEAF00CA565D /* StaticTableDemo */ = {
			isa = PBXGroup;
			children = (
				6504BF7419CADEAF00CA565D /* AppDelegate.h */,
				6504BF7519CADEAF00CA565D /* AppDelegate.m */,
				6504BF7719CADEAF00CA565D /* Main.storyboard */,
				6504BF7A19CADEAF00CA565D /* ViewController.h */,
				6504BF7B19CADEAF00CA565D /* ViewController.m */,
				6504BF7D19CADEAF00CA565D /* Images.xcassets */,
				6504BF6C19CADEAF00CA565D /* Supporting Files */,
			);
			path = StaticTableDemo;
			sourceTree = "<group>";
		};
		6504BF6C19CADEAF00CA565D /* Supporting Files */ = {
			isa = PBXGroup;
			children = (
				6504BF6D19CADEAF00CA565D /* StaticTableDemo-Info.plist */,
				6504BF6E19CADEAF00CA565D /* InfoPlist.strings */,
				6504BF7119CADEAF00CA565D /* main.m */,
				6504BF7319CADEAF00CA565D /* StaticTableDemo-Prefix.pch */,
			);
			name = "Supporting Files";
			sourceTree = "<group>";
		};
		6504BF8A19CADEAF00CA565D /* StaticTableDemoTests */ = {
			isa = PBXGroup;
			children = (
				6504BF9019CADEAF00CA565D /* StaticTableDemoTests.m */,
				6504BF8B19CADEAF00CA565D /* Supporting Files */,
			);
			path = StaticTableDemoTests;
			sourceTree = "<group>";
		};
		6504BF8B19CADEAF00CA565D /* Supporting Files */ = {
			isa = PBXGroup;
			children = (
				6504BF8C19CADEAF00CA565D /* StaticTableDemoTests-Info.plist */,
				6504BF8D19CADEAF00CA565D /* InfoPlist.strings */,
			);
			name = "Supporting Files";
			sourceTree = "<group>";
		};
/* End PBXGroup section */

/* Begin PBXNativeTarget section */
		6504BF6119CADEAF00CA565D /* StaticTableDemo */ = {
			isa = PBXNativeTarget;
			buildConfigurationList = 6504BF9419CADEAF00CA565D /* Build configuration list for PBXNativeTarget "StaticTableDemo" */;
			buildPhases = (
				6504BF5E19CADEAF00CA565D /* Sources */,
				6504BF5F19CADEAF00CA565D /* Frameworks */,
				6504BF6019CADEAF00CA565D /* Resources */,
			);
			buildRules = (
			);
			dependencies = (
			);
			name = StaticTableDemo;
			productName = StaticTableDemo;
			productReference = 6504BF6219CADEAF00CA565D /* StaticTableDemo.app */;
			productType = "com.apple.product-type.application";
		};
		6504BF8219CADEAF00CA565D /* StaticTableDemoTests */ = {
			isa = PBXNativeTarget;
			buildConfigurationList = 6504BF9719CADEAF00CA565D /* Build configuration list for PBXNativeTarget "StaticTableDemoTests" */;
			buildPhases = (
				6504BF7F19CADEAF00CA565D /* Sources */,
				6504BF8019CADEAF00CA565D /* Frameworks */,
				6504BF8119CADEAF00CA565D /* Resources */,
			);
			buildRules = (
			);
			dependencies = (
				6504BF8919CADEAF00CA565D /* PBXTargetDependency */,
			);
			name = StaticTableDemoTests;
			productName = StaticTableDemoTests;
			productReference = 6504BF8319CADEAF00CA565D /* StaticTableDemoTests.xctest */;
			productType = "com.apple.product-type.bundle.unit-test";
		};
/* End PBXNativeTarget section */

/* Begin PBXProject section */
		6504BF5A19CADEAF00CA565D /* Project object */ = {
			isa = PBXProject;
			attributes = {
				LastUpgradeCheck = 0510;
				ORGANIZATIONNAME = Katiyals;
				TargetAttributes = {
					6504BF8219CADEAF00CA565D = {
						TestTargetID = 6504BF6119CADEAF00CA565D;
					};
				};
			};
			buildConfigurationList = 6504BF5D19CADEAF00CA565D /* Build configuration list for PBXProject "StaticTableDemo" */;
			compatibilityVersion = "Xcode 3.2";
			developmentRegion = English;
			hasScannedForEncodings = 0;
			knownRegions = (
				en,
				Base,
			);
			mainGroup = 6504BF5919CADEAF00CA565D;
			productRefGroup = 6504BF6319CADEAF00CA565D /* Products */;
			projectDirPath = "";
			projectRoot = "";
			targets = (
				6504BF6119CADEAF00CA565D /* StaticTableDemo */,
				6504BF8219CADEAF00CA565D /* StaticTableDemoTests */,
			);
		};
/* End PBXProject section */

/* Begin PBXResourcesBuildPhase section */
		6504BF6019CADEAF00CA565D /* Resources */ = {
			isa = PBXResourcesBuildPhase;
			buildActionMask = 2147483647;
			files = (
				6504BF7E19CADEAF00CA565D /* Images.xcassets in Resources */,
				6504BF7019CADEAF00CA565D /* InfoPlist.strings in Resources */,
				6504BF7919CADEAF00CA565D /* Main.storyboard in Resources */,
			);
			runOnlyForDeploymentPostprocessing = 0;
		};
		6504BF8119CADEAF00CA565D /* Resources */ = {
			isa = PBXResourcesBuildPhase;
			buildActionMask = 2147483647;
			files = (
				6504BF8F19CADEAF00CA565D /* InfoPlist.strings in Resources */,
			);
			runOnlyForDeploymentPostprocessing = 0;
		};
/* End PBXResourcesBuildPhase section */

/* Begin PBXSourcesBuildPhase section */
		6504BF5E19CADEAF00CA565D /* Sources */ = {
			isa = PBXSourcesBuildPhase;
			buildActionMask = 2147483647;
			files = (
				6504BF7C19CADEAF00CA565D /* ViewController.m in Sources */,
				6504BF7619CADEAF00CA565D /* AppDelegate.m in Sources */,
				6504BF7219CADEAF00CA565D /* main.m in Sources */,
			);
			runOnlyForDeploymentPostprocessing = 0;
		};
		6504BF7F19CADEAF00CA565D /* Sources */ = {
			isa = PBXSourcesBuildPhase;
			buildActionMask = 2147483647;
			files = (
				6504BF9119CADEAF00CA565D /* StaticTableDemoTests.m in Sources */,
			);
			runOnlyForDeploymentPostprocessing = 0;
		};
/* End PBXSourcesBuildPhase section */

/* Begin PBXTargetDependency section */
		6504BF8919CADEAF00CA565D /* PBXTargetDependency */ = {
			isa = PBXTargetDependency;
			target = 6504BF6119CADEAF00CA565D /* StaticTableDemo */;
			targetProxy = 6504BF8819CADEAF00CA565D /* PBXContainerItemProxy */;
		};
/* End PBXTargetDependency section */

/* Begin PBXVariantGroup section */
		6504BF6E19CADEAF00CA565D /* InfoPlist.strings */ = {
			isa = PBXVariantGroup;
			children = (
				6504BF6F19CADEAF00CA565D /* en */,
			);
			name = InfoPlist.strings;
			sourceTree = "<group>";
		};
		6504BF7719CADEAF00CA565D /* Main.storyboard */ = {
			isa = PBXVariantGroup;
			children = (
				6504BF7819CADEAF00CA565D /* Base */,
			);
			name = Main.storyboard;
			sourceTree = "<group>";
		};
		6504BF8D19CADEAF00CA565D /* InfoPlist.strings */ = {
			isa = PBXVariantGroup;
			children = (
				6504BF8E19CADEAF00CA565D /* en */,
			);
			name = InfoPlist.strings;
			sourceTree = "<group>";
		};
/* End PBXVariantGroup section */

/* Begin XCBuildConfiguration section */
		6504BF9219CADEAF00CA565D /* Debug */ = {
			isa = XCBuildConfiguration;
			buildSettings = {
				ALWAYS_SEARCH_USER_PATHS = NO;
				CLANG_CXX_LANGUAGE_STANDARD = "gnu++0x";
				CLANG_CXX_LIBRARY = "libc++";
				CLANG_ENABLE_MODULES = YES;
				CLANG_ENABLE_OBJC_ARC = YES;
				CLANG_WARN_BOOL_CONVERSION = YES;
				CLANG_WARN_CONSTANT_CONVERSION = YES;
				CLANG_WARN_DIRECT_OBJC_ISA_USAGE = YES_ERROR;
				CLANG_WARN_EMPTY_BODY = YES;
				CLANG_WARN_ENUM_CONVERSION = YES;
				CLANG_WARN_INT_CONVERSION = YES;
				CLANG_WARN_OBJC_ROOT_CLASS = YES_ERROR;
				CLANG_WARN__DUPLICATE_METHOD_MATCH = YES;
				"CODE_SIGN_IDENTITY[sdk=iphoneos*]" = "iPhone Developer";
				COPY_PHASE_STRIP = NO;
				GCC_C_LANGUAGE_STANDARD = gnu99;
				GCC_DYNAMIC_NO_PIC = NO;
				GCC_OPTIMIZATION_LEVEL = 0;
				GCC_PREPROCESSOR_DEFINITIONS = (
					"DEBUG=1",
					"$(inherited)",
				);
				GCC_SYMBOLS_PRIVATE_EXTERN = NO;
				GCC_WARN_64_TO_32_BIT_CONVERSION = YES;
				GCC_WARN_ABOUT_RETURN_TYPE = YES_ERROR;
				GCC_WARN_UNDECLARED_SELECTOR = YES;
				GCC_WARN_UNINITIALIZED_AUTOS = YES_AGGRESSIVE;
				GCC_WARN_UNUSED_FUNCTION = YES;
				GCC_WARN_UNUSED_VARIABLE = YES;
				IPHONEOS_DEPLOYMENT_TARGET = 7.1;
				ONLY_ACTIVE_ARCH = YES;
				SDKROOT = iphoneos;
			};
			name = Debug;
		};
		6504BF9319CADEAF00CA565D /* Release */ = {
			isa = XCBuildConfiguration;
			buildSettings = {
				ALWAYS_SEARCH_USER_PATHS = NO;
				CLANG_CXX_LANGUAGE_STANDARD = "gnu++0x";
				CLANG_CXX_LIBRARY = "libc++";
				CLANG_ENABLE_MODULES = YES;
				CLANG_ENABLE_OBJC_ARC = YES;
				CLANG_WARN_BOOL_CONVERSION = YES;
				CLANG_WARN_CONSTANT_CONVERSION = YES;
				CLANG_WARN_DIRECT_OBJC_ISA_USAGE = YES_ERROR;
				CLANG_WARN_EMPTY_BODY = YES;
				CLANG_WARN_ENUM_CONVERSION = YES;
				CLANG_WARN_INT_CONVERSION = YES;
				CLANG_WARN_OBJC_ROOT_CLASS = YES_ERROR;
				CLANG_WARN__DUPLICATE_METHOD_MATCH = YES;
				"CODE_SIGN_IDENTITY[sdk=iphoneos*]" = "iPhone Developer";
				COPY_PHASE_STRIP = YES;
				ENABLE_NS_ASSERTIONS = NO;
				GCC_C_LANGUAGE_STANDARD = gnu99;
				GCC_WARN_64_TO_32_BIT_CONVERSION = YES;
				GCC_WARN_ABOUT_RETURN_TYPE = YES_ERROR;
				GCC_WARN_UNDECLARED_SELECTOR = YES;
				GCC_WARN_UNINITIALIZED_AUTOS = YES_AGGRESSIVE;
				GCC_WARN_UNUSED_FUNCTION = YES;
				GCC_WARN_UNUSED_VARIABLE = YES;
				IPHONEOS_DEPLOYMENT_TARGET = 7.1;
				SDKROOT = iphoneos;
				VALIDATE_PRODUCT = YES;
			};
			name = Release;
		};
		6504BF9519CADEAF00CA565D /* Debug */ = {
			isa = XCBuildConfiguration;
			buildSettings = {
				ASSETCATALOG_COMPILER_APPICON_NAME = AppIcon;
				ASSETCATALOG_COMPILER_LAUNCHIMAGE_NAME = LaunchImage;
				GCC_PRECOMPILE_PREFIX_HEADER = YES;
				GCC_PREFIX_HEADER = "StaticTableDemo/StaticTableDemo-Prefix.pch";
				INFOPLIST_FILE = "StaticTableDemo/StaticTableDemo-Info.plist";
				PRODUCT_NAME = "$(TARGET_NAME)";
				WRAPPER_EXTENSION = app;
			};
			name = Debug;
		};
		6504BF9619CADEAF00CA565D /* Release */ = {
			isa = XCBuildConfiguration;
			buildSettings = {
				ASSETCATALOG_COMPILER_APPICON_NAME = AppIcon;
				ASSETCATALOG_COMPILER_LAUNCHIMAGE_NAME = LaunchImage;
				GCC_PRECOMPILE_PREFIX_HEADER = YES;
				GCC_PREFIX_HEADER = "StaticTableDemo/StaticTableDemo-Prefix.pch";
				INFOPLIST_FILE = "StaticTableDemo/StaticTableDemo-Info.plist";
				PRODUCT_NAME = "$(TARGET_NAME)";
				WRAPPER_EXTENSION = app;
			};
			name = Release;
		};
		6504BF9819CADEAF00CA565D /* Debug */ = {
			isa = XCBuildConfiguration;
			buildSettings = {
				BUNDLE_LOADER = "$(BUILT_PRODUCTS_DIR)/StaticTableDemo.app/StaticTableDemo";
				FRAMEWORK_SEARCH_PATHS = (
					"$(SDKROOT)/Developer/Library/Frameworks",
					"$(inherited)",
					"$(DEVELOPER_FRAMEWORKS_DIR)",
				);
				GCC_PRECOMPILE_PREFIX_HEADER = YES;
				GCC_PREFIX_HEADER = "StaticTableDemo/StaticTableDemo-Prefix.pch";
				GCC_PREPROCESSOR_DEFINITIONS = (
					"DEBUG=1",
					"$(inherited)",
				);
				INFOPLIST_FILE = "StaticTableDemoTests/StaticTableDemoTests-Info.plist";
				PRODUCT_NAME = "$(TARGET_NAME)";
				TEST_HOST = "$(BUNDLE_LOADER)";
				WRAPPER_EXTENSION = xctest;
			};
			name = Debug;
		};
		6504BF9919CADEAF00CA565D /* Release */ = {
			isa = XCBuildConfiguration;
			buildSettings = {
				BUNDLE_LOADER = "$(BUILT_PRODUCTS_DIR)/StaticTableDemo.app/StaticTableDemo";
				FRAMEWORK_SEARCH_PATHS = (
					"$(SDKROOT)/Developer/Library/Frameworks",
					"$(inherited)",
					"$(DEVELOPER_FRAMEWORKS_DIR)",
				);
				GCC_PRECOMPILE_PREFIX_HEADER = YES;
				GCC_PREFIX_HEADER = "StaticTableDemo/StaticTableDemo-Prefix.pch";
				INFOPLIST_FILE = "StaticTableDemoTests/StaticTableDemoTests-Info.plist";
				PRODUCT_NAME = "$(TARGET_NAME)";
				TEST_HOST = "$(BUNDLE_LOADER)";
				WRAPPER_EXTENSION = xctest;
			};
			name = Release;
		};
/* End XCBuildConfiguration section */

/* Begin XCConfigurationList section */
		6504BF5D19CADEAF00CA565D /* Build configuration list for PBXProject "StaticTableDemo" */ = {
			isa = XCConfigurationList;
			buildConfigurations = (
				6504BF9219CADEAF00CA565D /* Debug */,
				6504BF9319CADEAF00CA565D /* Release */,
			);
			defaultConfigurationIsVisible = 0;
			defaultConfigurationName = Release;
		};
		6504BF9419CADEAF00CA565D /* Build configuration list for PBXNativeTarget "StaticTableDemo" */ = {
			isa = XCConfigurationList;
			buildConfigurations = (
				6504BF9519CADEAF00CA565D /* Debug */,
				6504BF9619CADEAF00CA565D /* Release */,
			);
			defaultConfigurationIsVisible = 0;
		};
		6504BF9719CADEAF00CA565D /* Build configuration list for PBXNativeTarget "StaticTableDemoTests" */ = {
			isa = XCConfigurationList;
			buildConfigurations = (
				6504BF9819CADEAF00CA565D /* Debug */,
				6504BF9919CADEAF00CA565D /* Release */,
			);
			defaultConfigurationIsVisible = 0;
		};
/* End XCConfigurationList section */
	};
	rootObject = 6504BF5A19CADEAF00CA565D /* Project object */;
}
